// !$*UTF8*$!
{
	archiveVersion = 1;
	classes = {
	};
	objectVersion = 56;
	objects = {

/* Begin PBXBuildFile section */
		A106CF3029D938D100DFB7A6 /* Separator.swift in Sources */ = {isa = PBXBuildFile; fileRef = A106CF2F29D938D100DFB7A6 /* Separator.swift */; };
		A106CF3A29D93D1000DFB7A6 /* Validator.swift in Sources */ = {isa = PBXBuildFile; fileRef = A106CF3229D93D1000DFB7A6 /* Validator.swift */; };
		A106CF3F29D93D1000DFB7A6 /* CustomRule.swift in Sources */ = {isa = PBXBuildFile; fileRef = A106CF3829D93D1000DFB7A6 /* CustomRule.swift */; };
		A106CF4029D93D1000DFB7A6 /* RequiredRule.swift in Sources */ = {isa = PBXBuildFile; fileRef = A106CF3929D93D1000DFB7A6 /* RequiredRule.swift */; };
		A106CF4229D9408800DFB7A6 /* ValidatorDependency.swift in Sources */ = {isa = PBXBuildFile; fileRef = A106CF4129D9408800DFB7A6 /* ValidatorDependency.swift */; };
		A10E692429B1982E00DA5DCA /* KalkulatorSahamApp.swift in Sources */ = {isa = PBXBuildFile; fileRef = A10E692329B1982E00DA5DCA /* KalkulatorSahamApp.swift */; };
		A10E692629B1982E00DA5DCA /* ContentView.swift in Sources */ = {isa = PBXBuildFile; fileRef = A10E692529B1982E00DA5DCA /* ContentView.swift */; };
		A10E692829B1983000DA5DCA /* App.xcassets in Resources */ = {isa = PBXBuildFile; fileRef = A10E692729B1983000DA5DCA /* App.xcassets */; };
		A10E692C29B1983000DA5DCA /* Preview Assets.xcassets in Resources */ = {isa = PBXBuildFile; fileRef = A10E692B29B1983000DA5DCA /* Preview Assets.xcassets */; };
		A10E693429B1AADB00DA5DCA /* ComposableArchitecture in Frameworks */ = {isa = PBXBuildFile; productRef = A10E693329B1AADB00DA5DCA /* ComposableArchitecture */; };
		A10E693829B1B3D500DA5DCA /* Menu.swift in Sources */ = {isa = PBXBuildFile; fileRef = A10E693729B1B3D500DA5DCA /* Menu.swift */; };
		A10E693E29B1B49E00DA5DCA /* MainView.swift in Sources */ = {isa = PBXBuildFile; fileRef = A10E693D29B1B49E00DA5DCA /* MainView.swift */; };
		A122533F29B6188900C87F8A /* UserDefaultsKey.swift in Sources */ = {isa = PBXBuildFile; fileRef = A122533E29B6188900C87F8A /* UserDefaultsKey.swift */; };
		A122534329B61D8600C87F8A /* Localizable.strings in Resources */ = {isa = PBXBuildFile; fileRef = A122534529B61D8600C87F8A /* Localizable.strings */; };
		A122534829B6221B00C87F8A /* String+Localization.swift in Sources */ = {isa = PBXBuildFile; fileRef = A122534729B6221B00C87F8A /* String+Localization.swift */; };
		A122534B29B6239D00C87F8A /* Language.swift in Sources */ = {isa = PBXBuildFile; fileRef = A122534A29B6239D00C87F8A /* Language.swift */; };
		A122534D29B623B700C87F8A /* Theme.swift in Sources */ = {isa = PBXBuildFile; fileRef = A122534C29B623B700C87F8A /* Theme.swift */; };
		A12C077B29BCCD4300B4F0EE /* ActivityView.swift in Sources */ = {isa = PBXBuildFile; fileRef = A12C077A29BCCD4300B4F0EE /* ActivityView.swift */; };
		A12C077D29BCCD7000B4F0EE /* TableView.swift in Sources */ = {isa = PBXBuildFile; fileRef = A12C077C29BCCD7000B4F0EE /* TableView.swift */; };
		A12C077F29BCCD9E00B4F0EE /* Collection+Subscript.swift in Sources */ = {isa = PBXBuildFile; fileRef = A12C077E29BCCD9E00B4F0EE /* Collection+Subscript.swift */; };
		A12C078129BCCDB500B4F0EE /* Double+Color.swift in Sources */ = {isa = PBXBuildFile; fileRef = A12C078029BCCDB500B4F0EE /* Double+Color.swift */; };
		A12E694929C2EE5C00F6A3F7 /* SettingsTests.swift in Sources */ = {isa = PBXBuildFile; fileRef = A12E694829C2EE5C00F6A3F7 /* SettingsTests.swift */; };
		A12E695029C2F3BE00F6A3F7 /* MainTests.swift in Sources */ = {isa = PBXBuildFile; fileRef = A12E694F29C2F3BE00F6A3F7 /* MainTests.swift */; };
		A15B002329BB1148002A1F5E /* StorageProtocol.swift in Sources */ = {isa = PBXBuildFile; fileRef = A15B002229BB1148002A1F5E /* StorageProtocol.swift */; };
		A15B002529BB1154002A1F5E /* UserDefaultsStorage.swift in Sources */ = {isa = PBXBuildFile; fileRef = A15B002429BB1154002A1F5E /* UserDefaultsStorage.swift */; };
		A15B002829BB1588002A1F5E /* Storage.swift in Sources */ = {isa = PBXBuildFile; fileRef = A15B002729BB1588002A1F5E /* Storage.swift */; };
		A15B002A29BB1DA7002A1F5E /* ThemeManager.swift in Sources */ = {isa = PBXBuildFile; fileRef = A15B002929BB1DA7002A1F5E /* ThemeManager.swift */; };
		A15B002D29BB2115002A1F5E /* UserDefaults.swift in Sources */ = {isa = PBXBuildFile; fileRef = A15B002C29BB2115002A1F5E /* UserDefaults.swift */; };
		A15B002F29BB29BA002A1F5E /* CustomButtonStyle.swift in Sources */ = {isa = PBXBuildFile; fileRef = A15B002E29BB29BA002A1F5E /* CustomButtonStyle.swift */; };
		A16112FE29D85BD000087F17 /* Launch Screen.storyboard in Resources */ = {isa = PBXBuildFile; fileRef = A16112FD29D85BD000087F17 /* Launch Screen.storyboard */; };
		A161130329D85D1B00087F17 /* RiskRewardRatioCalculator.swift in Sources */ = {isa = PBXBuildFile; fileRef = A161130229D85D1B00087F17 /* RiskRewardRatioCalculator.swift */; };
		A161130529D85E2200087F17 /* RiskRewardRatioCalculatorView.swift in Sources */ = {isa = PBXBuildFile; fileRef = A161130429D85E2200087F17 /* RiskRewardRatioCalculatorView.swift */; };
		A161130729D8602500087F17 /* ResultCard.swift in Sources */ = {isa = PBXBuildFile; fileRef = A161130629D8602500087F17 /* ResultCard.swift */; };
		A161130A29D8661400087F17 /* PriceBookValueCalculator.swift in Sources */ = {isa = PBXBuildFile; fileRef = A161130929D8661400087F17 /* PriceBookValueCalculator.swift */; };
		A161130E29D8668900087F17 /* PriceBookValueCalculatorView.swift in Sources */ = {isa = PBXBuildFile; fileRef = A161130D29D8668900087F17 /* PriceBookValueCalculatorView.swift */; };
		A161131229D8675300087F17 /* DividenYieldCalculator.swift in Sources */ = {isa = PBXBuildFile; fileRef = A161131129D8675300087F17 /* DividenYieldCalculator.swift */; };
		A161131529D8678500087F17 /* DividenYieldCalculatorView.swift in Sources */ = {isa = PBXBuildFile; fileRef = A161131429D8678500087F17 /* DividenYieldCalculatorView.swift */; };
		A161131A29D8686300087F17 /* StockSplitCalculator.swift in Sources */ = {isa = PBXBuildFile; fileRef = A161131929D8686300087F17 /* StockSplitCalculator.swift */; };
		A161131C29D868F800087F17 /* StockSplitCalculatorView.swift in Sources */ = {isa = PBXBuildFile; fileRef = A161131B29D868F800087F17 /* StockSplitCalculatorView.swift */; };
		A161132129D86F5500087F17 /* AveragePriceCalculator.swift in Sources */ = {isa = PBXBuildFile; fileRef = A161132029D86F5500087F17 /* AveragePriceCalculator.swift */; };
		A161132329D871AE00087F17 /* AveragePriceCalculatorView.swift in Sources */ = {isa = PBXBuildFile; fileRef = A161132229D871AE00087F17 /* AveragePriceCalculatorView.swift */; };
		A161132629D8732F00087F17 /* TransactionCard.swift in Sources */ = {isa = PBXBuildFile; fileRef = A161132529D8732F00087F17 /* TransactionCard.swift */; };
		A161132B29D87EB100087F17 /* RightIssueCalculator.swift in Sources */ = {isa = PBXBuildFile; fileRef = A161132A29D87EB100087F17 /* RightIssueCalculator.swift */; };
		A161132D29D87F7700087F17 /* RightIssueCalculatorView.swift in Sources */ = {isa = PBXBuildFile; fileRef = A161132C29D87F7700087F17 /* RightIssueCalculatorView.swift */; };
		A1648AA429BA146E00705200 /* AraArbCalculator.swift in Sources */ = {isa = PBXBuildFile; fileRef = A1648AA329BA146E00705200 /* AraArbCalculator.swift */; };
		A1648AA629BA14DA00705200 /* AraArbCalculatorView.swift in Sources */ = {isa = PBXBuildFile; fileRef = A1648AA529BA14DA00705200 /* AraArbCalculatorView.swift */; };
		A1648AAA29BA163000705200 /* ComingSoonView.swift in Sources */ = {isa = PBXBuildFile; fileRef = A1648AA929BA163000705200 /* ComingSoonView.swift */; };
		A1648AAC29BA19FA00705200 /* Double+Format.swift in Sources */ = {isa = PBXBuildFile; fileRef = A1648AAB29BA19FA00705200 /* Double+Format.swift */; };
		A1648AAE29BA1A2100705200 /* Int+Format.swift in Sources */ = {isa = PBXBuildFile; fileRef = A1648AAD29BA1A2100705200 /* Int+Format.swift */; };
		A1648AB029BA1A5C00705200 /* NumberFormatType.swift in Sources */ = {isa = PBXBuildFile; fileRef = A1648AAF29BA1A5C00705200 /* NumberFormatType.swift */; };
		A1648AB229BA1F8600705200 /* String+Percentage.swift in Sources */ = {isa = PBXBuildFile; fileRef = A1648AB129BA1F8600705200 /* String+Percentage.swift */; };
		A1648AB429BA20CC00705200 /* border.swift in Sources */ = {isa = PBXBuildFile; fileRef = A1648AB329BA20CC00705200 /* border.swift */; };
		A1648AB729BA210B00705200 /* AutoRejectCard.swift in Sources */ = {isa = PBXBuildFile; fileRef = A1648AB629BA210B00705200 /* AutoRejectCard.swift */; };
		A1648ABD29BA226B00705200 /* ProfitPerTickCalculator.swift in Sources */ = {isa = PBXBuildFile; fileRef = A1648ABC29BA226B00705200 /* ProfitPerTickCalculator.swift */; };
		A1648ABF29BA22AA00705200 /* ProfitPerTickCalculatorView.swift in Sources */ = {isa = PBXBuildFile; fileRef = A1648ABE29BA22AA00705200 /* ProfitPerTickCalculatorView.swift */; };
		A1648AC129BA240900705200 /* BrokerFeeView.swift in Sources */ = {isa = PBXBuildFile; fileRef = A1648AC029BA240900705200 /* BrokerFeeView.swift */; };
		A173FD4229B99C5900F17675 /* card.swift in Sources */ = {isa = PBXBuildFile; fileRef = A173FD4129B99C5900F17675 /* card.swift */; };
		A173FD4429B9A91900F17675 /* Array+Chunk.swift in Sources */ = {isa = PBXBuildFile; fileRef = A173FD4329B9A91900F17675 /* Array+Chunk.swift */; };
		A173FD4629B9A94000F17675 /* cornerRadius.swift in Sources */ = {isa = PBXBuildFile; fileRef = A173FD4529B9A94000F17675 /* cornerRadius.swift */; };
		A173FD4829B9A98F00F17675 /* InformationCard.swift in Sources */ = {isa = PBXBuildFile; fileRef = A173FD4729B9A98F00F17675 /* InformationCard.swift */; };
		A173FD4A29B9A9A300F17675 /* CustomTextField.swift in Sources */ = {isa = PBXBuildFile; fileRef = A173FD4929B9A9A300F17675 /* CustomTextField.swift */; };
		A173FD4C29B9A9DE00F17675 /* BrokerFeeInformation.swift in Sources */ = {isa = PBXBuildFile; fileRef = A173FD4B29B9A9DE00F17675 /* BrokerFeeInformation.swift */; };
		A17FEFC429B5C9C8001B7502 /* SettingsView.swift in Sources */ = {isa = PBXBuildFile; fileRef = A17FEFC329B5C9C8001B7502 /* SettingsView.swift */; };
		A17FEFC629B5C9F9001B7502 /* Settings.swift in Sources */ = {isa = PBXBuildFile; fileRef = A17FEFC529B5C9F9001B7502 /* Settings.swift */; };
		A17FEFC829B5CCF2001B7502 /* LanguageView.swift in Sources */ = {isa = PBXBuildFile; fileRef = A17FEFC729B5CCF2001B7502 /* LanguageView.swift */; };
		A17FEFCA29B5CDED001B7502 /* ThemeView.swift in Sources */ = {isa = PBXBuildFile; fileRef = A17FEFC929B5CDED001B7502 /* ThemeView.swift */; };
		A17FEFCC29B5DA39001B7502 /* RadioSelect.swift in Sources */ = {isa = PBXBuildFile; fileRef = A17FEFCB29B5DA39001B7502 /* RadioSelect.swift */; };
		A17FEFCE29B5E625001B7502 /* NavView.swift in Sources */ = {isa = PBXBuildFile; fileRef = A17FEFCD29B5E625001B7502 /* NavView.swift */; };
		A19D668629B4554100445B63 /* Color+Custom.swift in Sources */ = {isa = PBXBuildFile; fileRef = A19D668529B4554100445B63 /* Color+Custom.swift */; };
		A1B8B9D929BB592B00056960 /* StockCalculator.swift in Sources */ = {isa = PBXBuildFile; fileRef = A1B8B9D829BB592B00056960 /* StockCalculator.swift */; };
		A1B8B9DB29BB5E0F00056960 /* StockCalculator+Status.swift in Sources */ = {isa = PBXBuildFile; fileRef = A1B8B9DA29BB5E0F00056960 /* StockCalculator+Status.swift */; };
		A1B8B9DD29BB63DA00056960 /* UIApplication+TapGesture.swift in Sources */ = {isa = PBXBuildFile; fileRef = A1B8B9DC29BB63DA00056960 /* UIApplication+TapGesture.swift */; };
		A1B8B9E029BB663600056960 /* NumberFormatter.swift in Sources */ = {isa = PBXBuildFile; fileRef = A1B8B9DF29BB663600056960 /* NumberFormatter.swift */; };
		A1EB2C0629B4AF7D00EAF46B /* Colors.xcassets in Resources */ = {isa = PBXBuildFile; fileRef = A1EB2C0529B4AF7D00EAF46B /* Colors.xcassets */; };
		A1EB2C0829B4B0DC00EAF46B /* MenuRow.swift in Sources */ = {isa = PBXBuildFile; fileRef = A1EB2C0729B4B0DC00EAF46B /* MenuRow.swift */; };
		A1EB2C0B29B4B35200EAF46B /* ScreenView.swift in Sources */ = {isa = PBXBuildFile; fileRef = A1EB2C0A29B4B35200EAF46B /* ScreenView.swift */; };
		A1EB2C0E29B4B57F00EAF46B /* watermarked.swift in Sources */ = {isa = PBXBuildFile; fileRef = A1EB2C0D29B4B57F00EAF46B /* watermarked.swift */; };
		A1EB2C1129B4C30500EAF46B /* modify.swift in Sources */ = {isa = PBXBuildFile; fileRef = A1EB2C1029B4C30500EAF46B /* modify.swift */; };
		A1EB2C1529B4C6B400EAF46B /* HomeView.swift in Sources */ = {isa = PBXBuildFile; fileRef = A1EB2C1429B4C6B400EAF46B /* HomeView.swift */; };
		A1F8ADD829C4D678006BA630 /* StockCalculator in Frameworks */ = {isa = PBXBuildFile; productRef = A1F8ADD729C4D678006BA630 /* StockCalculator */; };
		A1F9B0EB29B1D152004D2676 /* Main.swift in Sources */ = {isa = PBXBuildFile; fileRef = A1F9B0EA29B1D152004D2676 /* Main.swift */; };
		A1F9B0ED29B1DEBC004D2676 /* Icons.xcassets in Resources */ = {isa = PBXBuildFile; fileRef = A1F9B0EC29B1DEBC004D2676 /* Icons.xcassets */; };
		A1F9B0F229B1E5C5004D2676 /* TradingReturnCalculator.swift in Sources */ = {isa = PBXBuildFile; fileRef = A1F9B0F129B1E5C5004D2676 /* TradingReturnCalculator.swift */; };
		A1F9B0F429B1E5D0004D2676 /* TradingReturnCalculatorView.swift in Sources */ = {isa = PBXBuildFile; fileRef = A1F9B0F329B1E5D0004D2676 /* TradingReturnCalculatorView.swift */; };
		A1FCB43829C208CA00C46E0B /* NSTextField+FocusRingType.swift in Sources */ = {isa = PBXBuildFile; fileRef = A1FCB43729C208CA00C46E0B /* NSTextField+FocusRingType.swift */; };
		A1FCB43A29C209A800C46E0B /* KeyboardType.swift in Sources */ = {isa = PBXBuildFile; fileRef = A1FCB43929C209A800C46E0B /* KeyboardType.swift */; };
		A1FCB43C29C209BC00C46E0B /* KeyboardType+UIKit.swift in Sources */ = {isa = PBXBuildFile; fileRef = A1FCB43B29C209BC00C46E0B /* KeyboardType+UIKit.swift */; };
/* End PBXBuildFile section */

/* Begin PBXContainerItemProxy section */
		A12E694A29C2EE5C00F6A3F7 /* PBXContainerItemProxy */ = {
			isa = PBXContainerItemProxy;
			containerPortal = A10E691829B1982D00DA5DCA /* Project object */;
			proxyType = 1;
			remoteGlobalIDString = A10E691F29B1982D00DA5DCA;
			remoteInfo = KalkulatorSaham;
		};
/* End PBXContainerItemProxy section */

/* Begin PBXFileReference section */
		A106CF2F29D938D100DFB7A6 /* Separator.swift */ = {isa = PBXFileReference; lastKnownFileType = sourcecode.swift; path = Separator.swift; sourceTree = "<group>"; };
		A106CF3229D93D1000DFB7A6 /* Validator.swift */ = {isa = PBXFileReference; fileEncoding = 4; lastKnownFileType = sourcecode.swift; path = Validator.swift; sourceTree = "<group>"; };
		A106CF3829D93D1000DFB7A6 /* CustomRule.swift */ = {isa = PBXFileReference; fileEncoding = 4; lastKnownFileType = sourcecode.swift; path = CustomRule.swift; sourceTree = "<group>"; };
		A106CF3929D93D1000DFB7A6 /* RequiredRule.swift */ = {isa = PBXFileReference; fileEncoding = 4; lastKnownFileType = sourcecode.swift; path = RequiredRule.swift; sourceTree = "<group>"; };
		A106CF4129D9408800DFB7A6 /* ValidatorDependency.swift */ = {isa = PBXFileReference; lastKnownFileType = sourcecode.swift; path = ValidatorDependency.swift; sourceTree = "<group>"; };
		A10E692029B1982D00DA5DCA /* KalkulatorSaham.app */ = {isa = PBXFileReference; explicitFileType = wrapper.application; includeInIndex = 0; path = KalkulatorSaham.app; sourceTree = BUILT_PRODUCTS_DIR; };
		A10E692329B1982E00DA5DCA /* KalkulatorSahamApp.swift */ = {isa = PBXFileReference; lastKnownFileType = sourcecode.swift; path = KalkulatorSahamApp.swift; sourceTree = "<group>"; };
		A10E692529B1982E00DA5DCA /* ContentView.swift */ = {isa = PBXFileReference; lastKnownFileType = sourcecode.swift; path = ContentView.swift; sourceTree = "<group>"; };
		A10E692729B1983000DA5DCA /* App.xcassets */ = {isa = PBXFileReference; lastKnownFileType = folder.assetcatalog; path = App.xcassets; sourceTree = "<group>"; };
		A10E692929B1983000DA5DCA /* KalkulatorSaham.entitlements */ = {isa = PBXFileReference; lastKnownFileType = text.plist.entitlements; path = KalkulatorSaham.entitlements; sourceTree = "<group>"; };
		A10E692B29B1983000DA5DCA /* Preview Assets.xcassets */ = {isa = PBXFileReference; lastKnownFileType = folder.assetcatalog; path = "Preview Assets.xcassets"; sourceTree = "<group>"; };
		A10E693729B1B3D500DA5DCA /* Menu.swift */ = {isa = PBXFileReference; lastKnownFileType = sourcecode.swift; path = Menu.swift; sourceTree = "<group>"; };
		A10E693D29B1B49E00DA5DCA /* MainView.swift */ = {isa = PBXFileReference; lastKnownFileType = sourcecode.swift; path = MainView.swift; sourceTree = "<group>"; };
		A122533E29B6188900C87F8A /* UserDefaultsKey.swift */ = {isa = PBXFileReference; lastKnownFileType = sourcecode.swift; path = UserDefaultsKey.swift; sourceTree = "<group>"; };
		A122534429B61D8600C87F8A /* en */ = {isa = PBXFileReference; lastKnownFileType = text.plist.strings; name = en; path = en.lproj/Localizable.strings; sourceTree = "<group>"; };
		A122534629B61D8F00C87F8A /* id */ = {isa = PBXFileReference; lastKnownFileType = text.plist.strings; name = id; path = id.lproj/Localizable.strings; sourceTree = "<group>"; };
		A122534729B6221B00C87F8A /* String+Localization.swift */ = {isa = PBXFileReference; lastKnownFileType = sourcecode.swift; path = "String+Localization.swift"; sourceTree = "<group>"; };
		A122534A29B6239D00C87F8A /* Language.swift */ = {isa = PBXFileReference; lastKnownFileType = sourcecode.swift; path = Language.swift; sourceTree = "<group>"; };
		A122534C29B623B700C87F8A /* Theme.swift */ = {isa = PBXFileReference; lastKnownFileType = sourcecode.swift; path = Theme.swift; sourceTree = "<group>"; };
		A12C077A29BCCD4300B4F0EE /* ActivityView.swift */ = {isa = PBXFileReference; lastKnownFileType = sourcecode.swift; path = ActivityView.swift; sourceTree = "<group>"; };
		A12C077C29BCCD7000B4F0EE /* TableView.swift */ = {isa = PBXFileReference; lastKnownFileType = sourcecode.swift; path = TableView.swift; sourceTree = "<group>"; };
		A12C077E29BCCD9E00B4F0EE /* Collection+Subscript.swift */ = {isa = PBXFileReference; lastKnownFileType = sourcecode.swift; path = "Collection+Subscript.swift"; sourceTree = "<group>"; };
		A12C078029BCCDB500B4F0EE /* Double+Color.swift */ = {isa = PBXFileReference; lastKnownFileType = sourcecode.swift; path = "Double+Color.swift"; sourceTree = "<group>"; };
		A12E694629C2EE5B00F6A3F7 /* KalkulatorSahamTests.xctest */ = {isa = PBXFileReference; explicitFileType = wrapper.cfbundle; includeInIndex = 0; path = KalkulatorSahamTests.xctest; sourceTree = BUILT_PRODUCTS_DIR; };
		A12E694829C2EE5C00F6A3F7 /* SettingsTests.swift */ = {isa = PBXFileReference; lastKnownFileType = sourcecode.swift; path = SettingsTests.swift; sourceTree = "<group>"; };
		A12E694F29C2F3BE00F6A3F7 /* MainTests.swift */ = {isa = PBXFileReference; lastKnownFileType = sourcecode.swift; path = MainTests.swift; sourceTree = "<group>"; };
		A15B002229BB1148002A1F5E /* StorageProtocol.swift */ = {isa = PBXFileReference; lastKnownFileType = sourcecode.swift; path = StorageProtocol.swift; sourceTree = "<group>"; };
		A15B002429BB1154002A1F5E /* UserDefaultsStorage.swift */ = {isa = PBXFileReference; lastKnownFileType = sourcecode.swift; path = UserDefaultsStorage.swift; sourceTree = "<group>"; };
		A15B002729BB1588002A1F5E /* Storage.swift */ = {isa = PBXFileReference; lastKnownFileType = sourcecode.swift; path = Storage.swift; sourceTree = "<group>"; };
		A15B002929BB1DA7002A1F5E /* ThemeManager.swift */ = {isa = PBXFileReference; lastKnownFileType = sourcecode.swift; path = ThemeManager.swift; sourceTree = "<group>"; };
		A15B002C29BB2115002A1F5E /* UserDefaults.swift */ = {isa = PBXFileReference; lastKnownFileType = sourcecode.swift; path = UserDefaults.swift; sourceTree = "<group>"; };
		A15B002E29BB29BA002A1F5E /* CustomButtonStyle.swift */ = {isa = PBXFileReference; lastKnownFileType = sourcecode.swift; path = CustomButtonStyle.swift; sourceTree = "<group>"; };
		A16112FD29D85BD000087F17 /* Launch Screen.storyboard */ = {isa = PBXFileReference; lastKnownFileType = file.storyboard; path = "Launch Screen.storyboard"; sourceTree = "<group>"; };
		A161130229D85D1B00087F17 /* RiskRewardRatioCalculator.swift */ = {isa = PBXFileReference; lastKnownFileType = sourcecode.swift; path = RiskRewardRatioCalculator.swift; sourceTree = "<group>"; };
		A161130429D85E2200087F17 /* RiskRewardRatioCalculatorView.swift */ = {isa = PBXFileReference; lastKnownFileType = sourcecode.swift; path = RiskRewardRatioCalculatorView.swift; sourceTree = "<group>"; };
		A161130629D8602500087F17 /* ResultCard.swift */ = {isa = PBXFileReference; lastKnownFileType = sourcecode.swift; path = ResultCard.swift; sourceTree = "<group>"; };
		A161130929D8661400087F17 /* PriceBookValueCalculator.swift */ = {isa = PBXFileReference; lastKnownFileType = sourcecode.swift; path = PriceBookValueCalculator.swift; sourceTree = "<group>"; };
		A161130D29D8668900087F17 /* PriceBookValueCalculatorView.swift */ = {isa = PBXFileReference; lastKnownFileType = sourcecode.swift; path = PriceBookValueCalculatorView.swift; sourceTree = "<group>"; };
		A161131129D8675300087F17 /* DividenYieldCalculator.swift */ = {isa = PBXFileReference; lastKnownFileType = sourcecode.swift; path = DividenYieldCalculator.swift; sourceTree = "<group>"; };
		A161131429D8678500087F17 /* DividenYieldCalculatorView.swift */ = {isa = PBXFileReference; lastKnownFileType = sourcecode.swift; path = DividenYieldCalculatorView.swift; sourceTree = "<group>"; };
		A161131929D8686300087F17 /* StockSplitCalculator.swift */ = {isa = PBXFileReference; lastKnownFileType = sourcecode.swift; path = StockSplitCalculator.swift; sourceTree = "<group>"; };
		A161131B29D868F800087F17 /* StockSplitCalculatorView.swift */ = {isa = PBXFileReference; lastKnownFileType = sourcecode.swift; path = StockSplitCalculatorView.swift; sourceTree = "<group>"; };
		A161132029D86F5500087F17 /* AveragePriceCalculator.swift */ = {isa = PBXFileReference; lastKnownFileType = sourcecode.swift; path = AveragePriceCalculator.swift; sourceTree = "<group>"; };
		A161132229D871AE00087F17 /* AveragePriceCalculatorView.swift */ = {isa = PBXFileReference; lastKnownFileType = sourcecode.swift; path = AveragePriceCalculatorView.swift; sourceTree = "<group>"; };
		A161132529D8732F00087F17 /* TransactionCard.swift */ = {isa = PBXFileReference; lastKnownFileType = sourcecode.swift; path = TransactionCard.swift; sourceTree = "<group>"; };
		A161132A29D87EB100087F17 /* RightIssueCalculator.swift */ = {isa = PBXFileReference; lastKnownFileType = sourcecode.swift; path = RightIssueCalculator.swift; sourceTree = "<group>"; };
		A161132C29D87F7700087F17 /* RightIssueCalculatorView.swift */ = {isa = PBXFileReference; lastKnownFileType = sourcecode.swift; path = RightIssueCalculatorView.swift; sourceTree = "<group>"; };
		A1648AA329BA146E00705200 /* AraArbCalculator.swift */ = {isa = PBXFileReference; lastKnownFileType = sourcecode.swift; path = AraArbCalculator.swift; sourceTree = "<group>"; };
		A1648AA529BA14DA00705200 /* AraArbCalculatorView.swift */ = {isa = PBXFileReference; lastKnownFileType = sourcecode.swift; path = AraArbCalculatorView.swift; sourceTree = "<group>"; };
		A1648AA929BA163000705200 /* ComingSoonView.swift */ = {isa = PBXFileReference; lastKnownFileType = sourcecode.swift; path = ComingSoonView.swift; sourceTree = "<group>"; };
		A1648AAB29BA19FA00705200 /* Double+Format.swift */ = {isa = PBXFileReference; lastKnownFileType = sourcecode.swift; path = "Double+Format.swift"; sourceTree = "<group>"; };
		A1648AAD29BA1A2100705200 /* Int+Format.swift */ = {isa = PBXFileReference; lastKnownFileType = sourcecode.swift; path = "Int+Format.swift"; sourceTree = "<group>"; };
		A1648AAF29BA1A5C00705200 /* NumberFormatType.swift */ = {isa = PBXFileReference; fileEncoding = 4; lastKnownFileType = sourcecode.swift; path = NumberFormatType.swift; sourceTree = "<group>"; };
		A1648AB129BA1F8600705200 /* String+Percentage.swift */ = {isa = PBXFileReference; lastKnownFileType = sourcecode.swift; path = "String+Percentage.swift"; sourceTree = "<group>"; };
		A1648AB329BA20CC00705200 /* border.swift */ = {isa = PBXFileReference; lastKnownFileType = sourcecode.swift; path = border.swift; sourceTree = "<group>"; };
		A1648AB629BA210B00705200 /* AutoRejectCard.swift */ = {isa = PBXFileReference; lastKnownFileType = sourcecode.swift; path = AutoRejectCard.swift; sourceTree = "<group>"; };
		A1648ABC29BA226B00705200 /* ProfitPerTickCalculator.swift */ = {isa = PBXFileReference; lastKnownFileType = sourcecode.swift; path = ProfitPerTickCalculator.swift; sourceTree = "<group>"; };
		A1648ABE29BA22AA00705200 /* ProfitPerTickCalculatorView.swift */ = {isa = PBXFileReference; lastKnownFileType = sourcecode.swift; path = ProfitPerTickCalculatorView.swift; sourceTree = "<group>"; };
		A1648AC029BA240900705200 /* BrokerFeeView.swift */ = {isa = PBXFileReference; lastKnownFileType = sourcecode.swift; path = BrokerFeeView.swift; sourceTree = "<group>"; };
		A173FD4129B99C5900F17675 /* card.swift */ = {isa = PBXFileReference; lastKnownFileType = sourcecode.swift; path = card.swift; sourceTree = "<group>"; };
		A173FD4329B9A91900F17675 /* Array+Chunk.swift */ = {isa = PBXFileReference; lastKnownFileType = sourcecode.swift; path = "Array+Chunk.swift"; sourceTree = "<group>"; };
		A173FD4529B9A94000F17675 /* cornerRadius.swift */ = {isa = PBXFileReference; lastKnownFileType = sourcecode.swift; path = cornerRadius.swift; sourceTree = "<group>"; };
		A173FD4729B9A98F00F17675 /* InformationCard.swift */ = {isa = PBXFileReference; lastKnownFileType = sourcecode.swift; path = InformationCard.swift; sourceTree = "<group>"; };
		A173FD4929B9A9A300F17675 /* CustomTextField.swift */ = {isa = PBXFileReference; lastKnownFileType = sourcecode.swift; path = CustomTextField.swift; sourceTree = "<group>"; };
		A173FD4B29B9A9DE00F17675 /* BrokerFeeInformation.swift */ = {isa = PBXFileReference; lastKnownFileType = sourcecode.swift; path = BrokerFeeInformation.swift; sourceTree = "<group>"; };
		A17FEFC329B5C9C8001B7502 /* SettingsView.swift */ = {isa = PBXFileReference; lastKnownFileType = sourcecode.swift; path = SettingsView.swift; sourceTree = "<group>"; };
		A17FEFC529B5C9F9001B7502 /* Settings.swift */ = {isa = PBXFileReference; lastKnownFileType = sourcecode.swift; path = Settings.swift; sourceTree = "<group>"; };
		A17FEFC729B5CCF2001B7502 /* LanguageView.swift */ = {isa = PBXFileReference; lastKnownFileType = sourcecode.swift; path = LanguageView.swift; sourceTree = "<group>"; };
		A17FEFC929B5CDED001B7502 /* ThemeView.swift */ = {isa = PBXFileReference; lastKnownFileType = sourcecode.swift; path = ThemeView.swift; sourceTree = "<group>"; };
		A17FEFCB29B5DA39001B7502 /* RadioSelect.swift */ = {isa = PBXFileReference; lastKnownFileType = sourcecode.swift; path = RadioSelect.swift; sourceTree = "<group>"; };
		A17FEFCD29B5E625001B7502 /* NavView.swift */ = {isa = PBXFileReference; lastKnownFileType = sourcecode.swift; path = NavView.swift; sourceTree = "<group>"; };
		A19D668529B4554100445B63 /* Color+Custom.swift */ = {isa = PBXFileReference; lastKnownFileType = sourcecode.swift; path = "Color+Custom.swift"; sourceTree = "<group>"; };
		A1B8B9D829BB592B00056960 /* StockCalculator.swift */ = {isa = PBXFileReference; lastKnownFileType = sourcecode.swift; path = StockCalculator.swift; sourceTree = "<group>"; };
		A1B8B9DA29BB5E0F00056960 /* StockCalculator+Status.swift */ = {isa = PBXFileReference; lastKnownFileType = sourcecode.swift; path = "StockCalculator+Status.swift"; sourceTree = "<group>"; };
		A1B8B9DC29BB63DA00056960 /* UIApplication+TapGesture.swift */ = {isa = PBXFileReference; lastKnownFileType = sourcecode.swift; path = "UIApplication+TapGesture.swift"; sourceTree = "<group>"; };
		A1B8B9DF29BB663600056960 /* NumberFormatter.swift */ = {isa = PBXFileReference; lastKnownFileType = sourcecode.swift; path = NumberFormatter.swift; sourceTree = "<group>"; };
		A1EB2C0529B4AF7D00EAF46B /* Colors.xcassets */ = {isa = PBXFileReference; lastKnownFileType = folder.assetcatalog; path = Colors.xcassets; sourceTree = "<group>"; };
		A1EB2C0729B4B0DC00EAF46B /* MenuRow.swift */ = {isa = PBXFileReference; lastKnownFileType = sourcecode.swift; path = MenuRow.swift; sourceTree = "<group>"; };
		A1EB2C0A29B4B35200EAF46B /* ScreenView.swift */ = {isa = PBXFileReference; lastKnownFileType = sourcecode.swift; path = ScreenView.swift; sourceTree = "<group>"; };
		A1EB2C0D29B4B57F00EAF46B /* watermarked.swift */ = {isa = PBXFileReference; lastKnownFileType = sourcecode.swift; path = watermarked.swift; sourceTree = "<group>"; };
		A1EB2C1029B4C30500EAF46B /* modify.swift */ = {isa = PBXFileReference; lastKnownFileType = sourcecode.swift; path = modify.swift; sourceTree = "<group>"; };
		A1EB2C1429B4C6B400EAF46B /* HomeView.swift */ = {isa = PBXFileReference; lastKnownFileType = sourcecode.swift; path = HomeView.swift; sourceTree = "<group>"; };
		A1F9B0EA29B1D152004D2676 /* Main.swift */ = {isa = PBXFileReference; lastKnownFileType = sourcecode.swift; path = Main.swift; sourceTree = "<group>"; };
		A1F9B0EC29B1DEBC004D2676 /* Icons.xcassets */ = {isa = PBXFileReference; lastKnownFileType = folder.assetcatalog; path = Icons.xcassets; sourceTree = "<group>"; };
		A1F9B0F129B1E5C5004D2676 /* TradingReturnCalculator.swift */ = {isa = PBXFileReference; lastKnownFileType = sourcecode.swift; path = TradingReturnCalculator.swift; sourceTree = "<group>"; };
		A1F9B0F329B1E5D0004D2676 /* TradingReturnCalculatorView.swift */ = {isa = PBXFileReference; lastKnownFileType = sourcecode.swift; path = TradingReturnCalculatorView.swift; sourceTree = "<group>"; };
		A1F9B0F529B1EE19004D2676 /* Info.plist */ = {isa = PBXFileReference; lastKnownFileType = text.plist; path = Info.plist; sourceTree = "<group>"; };
		A1FCB43729C208CA00C46E0B /* NSTextField+FocusRingType.swift */ = {isa = PBXFileReference; lastKnownFileType = sourcecode.swift; path = "NSTextField+FocusRingType.swift"; sourceTree = "<group>"; };
		A1FCB43929C209A800C46E0B /* KeyboardType.swift */ = {isa = PBXFileReference; lastKnownFileType = sourcecode.swift; path = KeyboardType.swift; sourceTree = "<group>"; };
		A1FCB43B29C209BC00C46E0B /* KeyboardType+UIKit.swift */ = {isa = PBXFileReference; lastKnownFileType = sourcecode.swift; path = "KeyboardType+UIKit.swift"; sourceTree = "<group>"; };
/* End PBXFileReference section */

/* Begin PBXFrameworksBuildPhase section */
		A10E691D29B1982D00DA5DCA /* Frameworks */ = {
			isa = PBXFrameworksBuildPhase;
			buildActionMask = 2147483647;
			files = (
				A10E693429B1AADB00DA5DCA /* ComposableArchitecture in Frameworks */,
				A1F8ADD829C4D678006BA630 /* StockCalculator in Frameworks */,
			);
			runOnlyForDeploymentPostprocessing = 0;
		};
		A12E694329C2EE5B00F6A3F7 /* Frameworks */ = {
			isa = PBXFrameworksBuildPhase;
			buildActionMask = 2147483647;
			files = (
			);
			runOnlyForDeploymentPostprocessing = 0;
		};
/* End PBXFrameworksBuildPhase section */

/* Begin PBXGroup section */
		A106CF3129D93D1000DFB7A6 /* Validator */ = {
			isa = PBXGroup;
			children = (
				A106CF3229D93D1000DFB7A6 /* Validator.swift */,
				A106CF3329D93D1000DFB7A6 /* Rules */,
			);
			path = Validator;
			sourceTree = "<group>";
		};
		A106CF3329D93D1000DFB7A6 /* Rules */ = {
			isa = PBXGroup;
			children = (
				A106CF3929D93D1000DFB7A6 /* RequiredRule.swift */,
				A106CF3829D93D1000DFB7A6 /* CustomRule.swift */,
			);
			path = Rules;
			sourceTree = "<group>";
		};
		A10E691729B1982D00DA5DCA = {
			isa = PBXGroup;
			children = (
				A10E692229B1982D00DA5DCA /* KalkulatorSaham */,
				A12E694729C2EE5C00F6A3F7 /* KalkulatorSahamTests */,
				A10E692129B1982D00DA5DCA /* Products */,
				A1EB2C0229B4AEC000EAF46B /* Frameworks */,
			);
			sourceTree = "<group>";
		};
		A10E692129B1982D00DA5DCA /* Products */ = {
			isa = PBXGroup;
			children = (
				A10E692029B1982D00DA5DCA /* KalkulatorSaham.app */,
				A12E694629C2EE5B00F6A3F7 /* KalkulatorSahamTests.xctest */,
			);
			name = Products;
			sourceTree = "<group>";
		};
		A10E692229B1982D00DA5DCA /* KalkulatorSaham */ = {
			isa = PBXGroup;
			children = (
				A10E693529B1B3B100DA5DCA /* Core */,
				A10E693929B1B43A00DA5DCA /* Modules */,
				A10E692529B1982E00DA5DCA /* ContentView.swift */,
				A10E692329B1982E00DA5DCA /* KalkulatorSahamApp.swift */,
				A16112FD29D85BD000087F17 /* Launch Screen.storyboard */,
				A10E692929B1983000DA5DCA /* KalkulatorSaham.entitlements */,
				A1F9B0F529B1EE19004D2676 /* Info.plist */,
				A10E692A29B1983000DA5DCA /* Preview Content */,
			);
			path = KalkulatorSaham;
			sourceTree = "<group>";
		};
		A10E692A29B1983000DA5DCA /* Preview Content */ = {
			isa = PBXGroup;
			children = (
				A10E692B29B1983000DA5DCA /* Preview Assets.xcassets */,
			);
			path = "Preview Content";
			sourceTree = "<group>";
		};
		A10E693529B1B3B100DA5DCA /* Core */ = {
			isa = PBXGroup;
			children = (
				A15B002629BB1578002A1F5E /* DI */,
				A10E693F29B1B62C00DA5DCA /* Assets */,
				A1B8B9DE29BB661700056960 /* Config */,
				A122534929B6239700C87F8A /* Enums */,
				A122534229B61D4B00C87F8A /* Localization */,
				A122533D29B6186C00C87F8A /* Constants */,
				A19D668429B4552800445B63 /* Extensions */,
				A15B002029BB1113002A1F5E /* Managers */,
				A1EB2C0C29B4B56900EAF46B /* ViewModifiers */,
				A1EB2C0F29B4B67C00EAF46B /* Views */,
			);
			path = Core;
			sourceTree = "<group>";
		};
		A10E693629B1B3BA00DA5DCA /* Entities */ = {
			isa = PBXGroup;
			children = (
				A10E693729B1B3D500DA5DCA /* Menu.swift */,
			);
			path = Entities;
			sourceTree = "<group>";
		};
		A10E693929B1B43A00DA5DCA /* Modules */ = {
			isa = PBXGroup;
			children = (
				A10E693A29B1B44500DA5DCA /* Main */,
				A1648AA029BA142700705200 /* AraArbCalculator */,
				A1F9B0EE29B1E565004D2676 /* TradingReturnCalculator */,
				A1648AB929BA223900705200 /* ProfitPerTickCalculator */,
				A161131D29D86D8F00087F17 /* AveragePriceCalculator */,
				A16112FF29D85CE500087F17 /* RiskRewardRatioCalculator */,
				A161130829D865E200087F17 /* PriceBookValueCalculator */,
				A161130F29D8672A00087F17 /* DividenYieldCalculator */,
				A161131629D8684D00087F17 /* StockSplitCalculator */,
				A161132729D87E9500087F17 /* RightIssueCalculator */,
				A17FEFC029B5C988001B7502 /* Settings */,
				A1648AA729BA161D00705200 /* ComingSoon */,
			);
			path = Modules;
			sourceTree = "<group>";
		};
		A10E693A29B1B44500DA5DCA /* Main */ = {
			isa = PBXGroup;
			children = (
				A10E693629B1B3BA00DA5DCA /* Entities */,
				A10E694029B1BAA500DA5DCA /* Reducers */,
				A10E693C29B1B48500DA5DCA /* Views */,
			);
			path = Main;
			sourceTree = "<group>";
		};
		A10E693C29B1B48500DA5DCA /* Views */ = {
			isa = PBXGroup;
			children = (
				A10E693D29B1B49E00DA5DCA /* MainView.swift */,
				A1EB2C1429B4C6B400EAF46B /* HomeView.swift */,
			);
			path = Views;
			sourceTree = "<group>";
		};
		A10E693F29B1B62C00DA5DCA /* Assets */ = {
			isa = PBXGroup;
			children = (
				A10E692729B1983000DA5DCA /* App.xcassets */,
				A1EB2C0529B4AF7D00EAF46B /* Colors.xcassets */,
				A1F9B0EC29B1DEBC004D2676 /* Icons.xcassets */,
			);
			path = Assets;
			sourceTree = "<group>";
		};
		A10E694029B1BAA500DA5DCA /* Reducers */ = {
			isa = PBXGroup;
			children = (
				A1F9B0EA29B1D152004D2676 /* Main.swift */,
			);
			path = Reducers;
			sourceTree = "<group>";
		};
		A122533D29B6186C00C87F8A /* Constants */ = {
			isa = PBXGroup;
			children = (
				A122533E29B6188900C87F8A /* UserDefaultsKey.swift */,
			);
			path = Constants;
			sourceTree = "<group>";
		};
		A122534229B61D4B00C87F8A /* Localization */ = {
			isa = PBXGroup;
			children = (
				A122534529B61D8600C87F8A /* Localizable.strings */,
			);
			path = Localization;
			sourceTree = "<group>";
		};
		A122534929B6239700C87F8A /* Enums */ = {
			isa = PBXGroup;
			children = (
				A1648AAF29BA1A5C00705200 /* NumberFormatType.swift */,
				A122534A29B6239D00C87F8A /* Language.swift */,
				A122534C29B623B700C87F8A /* Theme.swift */,
				A1FCB43929C209A800C46E0B /* KeyboardType.swift */,
			);
			path = Enums;
			sourceTree = "<group>";
		};
		A12E694729C2EE5C00F6A3F7 /* KalkulatorSahamTests */ = {
			isa = PBXGroup;
			children = (
				A12E694F29C2F3BE00F6A3F7 /* MainTests.swift */,
				A12E694829C2EE5C00F6A3F7 /* SettingsTests.swift */,
			);
			path = KalkulatorSahamTests;
			sourceTree = "<group>";
		};
		A15B002029BB1113002A1F5E /* Managers */ = {
			isa = PBXGroup;
			children = (
				A15B002B29BB1E4C002A1F5E /* Theme */,
				A15B002129BB1122002A1F5E /* Storage */,
				A106CF3129D93D1000DFB7A6 /* Validator */,
			);
			path = Managers;
			sourceTree = "<group>";
		};
		A15B002129BB1122002A1F5E /* Storage */ = {
			isa = PBXGroup;
			children = (
				A15B002229BB1148002A1F5E /* StorageProtocol.swift */,
				A15B002429BB1154002A1F5E /* UserDefaultsStorage.swift */,
			);
			path = Storage;
			sourceTree = "<group>";
		};
		A15B002629BB1578002A1F5E /* DI */ = {
			isa = PBXGroup;
			children = (
				A15B002729BB1588002A1F5E /* Storage.swift */,
				A15B002C29BB2115002A1F5E /* UserDefaults.swift */,
				A1B8B9D829BB592B00056960 /* StockCalculator.swift */,
				A106CF4129D9408800DFB7A6 /* ValidatorDependency.swift */,
			);
			path = DI;
			sourceTree = "<group>";
		};
		A15B002B29BB1E4C002A1F5E /* Theme */ = {
			isa = PBXGroup;
			children = (
				A15B002929BB1DA7002A1F5E /* ThemeManager.swift */,
			);
			path = Theme;
			sourceTree = "<group>";
		};
		A16112FF29D85CE500087F17 /* RiskRewardRatioCalculator */ = {
			isa = PBXGroup;
			children = (
				A161130129D85D0D00087F17 /* Reducers */,
				A161130029D85D0600087F17 /* Views */,
			);
			path = RiskRewardRatioCalculator;
			sourceTree = "<group>";
		};
		A161130029D85D0600087F17 /* Views */ = {
			isa = PBXGroup;
			children = (
				A161130429D85E2200087F17 /* RiskRewardRatioCalculatorView.swift */,
			);
			path = Views;
			sourceTree = "<group>";
		};
		A161130129D85D0D00087F17 /* Reducers */ = {
			isa = PBXGroup;
			children = (
				A161130229D85D1B00087F17 /* RiskRewardRatioCalculator.swift */,
			);
			path = Reducers;
			sourceTree = "<group>";
		};
		A161130829D865E200087F17 /* PriceBookValueCalculator */ = {
			isa = PBXGroup;
			children = (
				A161130B29D8661900087F17 /* Reducers */,
				A161130C29D8667600087F17 /* Views */,
			);
			path = PriceBookValueCalculator;
			sourceTree = "<group>";
		};
		A161130B29D8661900087F17 /* Reducers */ = {
			isa = PBXGroup;
			children = (
				A161130929D8661400087F17 /* PriceBookValueCalculator.swift */,
			);
			path = Reducers;
			sourceTree = "<group>";
		};
		A161130C29D8667600087F17 /* Views */ = {
			isa = PBXGroup;
			children = (
				A161130D29D8668900087F17 /* PriceBookValueCalculatorView.swift */,
			);
			path = Views;
			sourceTree = "<group>";
		};
		A161130F29D8672A00087F17 /* DividenYieldCalculator */ = {
			isa = PBXGroup;
			children = (
				A161131029D8674600087F17 /* Reducers */,
				A161131329D8677A00087F17 /* Views */,
			);
			path = DividenYieldCalculator;
			sourceTree = "<group>";
		};
		A161131029D8674600087F17 /* Reducers */ = {
			isa = PBXGroup;
			children = (
				A161131129D8675300087F17 /* DividenYieldCalculator.swift */,
			);
			path = Reducers;
			sourceTree = "<group>";
		};
		A161131329D8677A00087F17 /* Views */ = {
			isa = PBXGroup;
			children = (
				A161131429D8678500087F17 /* DividenYieldCalculatorView.swift */,
			);
			path = Views;
			sourceTree = "<group>";
		};
		A161131629D8684D00087F17 /* StockSplitCalculator */ = {
			isa = PBXGroup;
			children = (
				A161131829D8685A00087F17 /* Reducers */,
				A161131729D8685500087F17 /* Views */,
			);
			path = StockSplitCalculator;
			sourceTree = "<group>";
		};
		A161131729D8685500087F17 /* Views */ = {
			isa = PBXGroup;
			children = (
				A161131B29D868F800087F17 /* StockSplitCalculatorView.swift */,
			);
			path = Views;
			sourceTree = "<group>";
		};
		A161131829D8685A00087F17 /* Reducers */ = {
			isa = PBXGroup;
			children = (
				A161131929D8686300087F17 /* StockSplitCalculator.swift */,
			);
			path = Reducers;
			sourceTree = "<group>";
		};
		A161131D29D86D8F00087F17 /* AveragePriceCalculator */ = {
			isa = PBXGroup;
			children = (
				A161131F29D86DAB00087F17 /* Reducers */,
				A161131E29D86DA700087F17 /* Views */,
			);
			path = AveragePriceCalculator;
			sourceTree = "<group>";
		};
		A161131E29D86DA700087F17 /* Views */ = {
			isa = PBXGroup;
			children = (
				A161132429D8731E00087F17 /* Components */,
				A161132229D871AE00087F17 /* AveragePriceCalculatorView.swift */,
			);
			path = Views;
			sourceTree = "<group>";
		};
		A161131F29D86DAB00087F17 /* Reducers */ = {
			isa = PBXGroup;
			children = (
				A161132029D86F5500087F17 /* AveragePriceCalculator.swift */,
			);
			path = Reducers;
			sourceTree = "<group>";
		};
		A161132429D8731E00087F17 /* Components */ = {
			isa = PBXGroup;
			children = (
				A161132529D8732F00087F17 /* TransactionCard.swift */,
			);
			path = Components;
			sourceTree = "<group>";
		};
		A161132729D87E9500087F17 /* RightIssueCalculator */ = {
			isa = PBXGroup;
			children = (
				A161132929D87EA500087F17 /* Reducers */,
				A161132829D87EA000087F17 /* Views */,
			);
			path = RightIssueCalculator;
			sourceTree = "<group>";
		};
		A161132829D87EA000087F17 /* Views */ = {
			isa = PBXGroup;
			children = (
				A161132C29D87F7700087F17 /* RightIssueCalculatorView.swift */,
			);
			path = Views;
			sourceTree = "<group>";
		};
		A161132929D87EA500087F17 /* Reducers */ = {
			isa = PBXGroup;
			children = (
				A161132A29D87EB100087F17 /* RightIssueCalculator.swift */,
			);
			path = Reducers;
			sourceTree = "<group>";
		};
		A1648AA029BA142700705200 /* AraArbCalculator */ = {
			isa = PBXGroup;
			children = (
				A1648AA129BA144600705200 /* Reducers */,
				A1648AA229BA144E00705200 /* Views */,
			);
			path = AraArbCalculator;
			sourceTree = "<group>";
		};
		A1648AA129BA144600705200 /* Reducers */ = {
			isa = PBXGroup;
			children = (
				A1648AA329BA146E00705200 /* AraArbCalculator.swift */,
			);
			path = Reducers;
			sourceTree = "<group>";
		};
		A1648AA229BA144E00705200 /* Views */ = {
			isa = PBXGroup;
			children = (
				A1648AB829BA212600705200 /* Components */,
				A1648AA529BA14DA00705200 /* AraArbCalculatorView.swift */,
			);
			path = Views;
			sourceTree = "<group>";
		};
		A1648AA729BA161D00705200 /* ComingSoon */ = {
			isa = PBXGroup;
			children = (
				A1648AA829BA162500705200 /* Views */,
			);
			path = ComingSoon;
			sourceTree = "<group>";
		};
		A1648AA829BA162500705200 /* Views */ = {
			isa = PBXGroup;
			children = (
				A1648AA929BA163000705200 /* ComingSoonView.swift */,
			);
			path = Views;
			sourceTree = "<group>";
		};
		A1648AB829BA212600705200 /* Components */ = {
			isa = PBXGroup;
			children = (
				A1648AB629BA210B00705200 /* AutoRejectCard.swift */,
			);
			path = Components;
			sourceTree = "<group>";
		};
		A1648AB929BA223900705200 /* ProfitPerTickCalculator */ = {
			isa = PBXGroup;
			children = (
				A1648ABB29BA225600705200 /* Reducers */,
				A1648ABA29BA225000705200 /* Views */,
			);
			path = ProfitPerTickCalculator;
			sourceTree = "<group>";
		};
		A1648ABA29BA225000705200 /* Views */ = {
			isa = PBXGroup;
			children = (
				A1648ABE29BA22AA00705200 /* ProfitPerTickCalculatorView.swift */,
			);
			path = Views;
			sourceTree = "<group>";
		};
		A1648ABB29BA225600705200 /* Reducers */ = {
			isa = PBXGroup;
			children = (
				A1648ABC29BA226B00705200 /* ProfitPerTickCalculator.swift */,
			);
			path = Reducers;
			sourceTree = "<group>";
		};
		A17FEFC029B5C988001B7502 /* Settings */ = {
			isa = PBXGroup;
			children = (
				A17FEFC229B5C99C001B7502 /* Reducers */,
				A17FEFC129B5C994001B7502 /* Views */,
			);
			path = Settings;
			sourceTree = "<group>";
		};
		A17FEFC129B5C994001B7502 /* Views */ = {
			isa = PBXGroup;
			children = (
				A17FEFC329B5C9C8001B7502 /* SettingsView.swift */,
				A17FEFC929B5CDED001B7502 /* ThemeView.swift */,
				A17FEFC729B5CCF2001B7502 /* LanguageView.swift */,
				A1648AC029BA240900705200 /* BrokerFeeView.swift */,
			);
			path = Views;
			sourceTree = "<group>";
		};
		A17FEFC229B5C99C001B7502 /* Reducers */ = {
			isa = PBXGroup;
			children = (
				A17FEFC529B5C9F9001B7502 /* Settings.swift */,
			);
			path = Reducers;
			sourceTree = "<group>";
		};
		A19D668429B4552800445B63 /* Extensions */ = {
			isa = PBXGroup;
			children = (
				A19D668529B4554100445B63 /* Color+Custom.swift */,
				A122534729B6221B00C87F8A /* String+Localization.swift */,
				A173FD4329B9A91900F17675 /* Array+Chunk.swift */,
				A1648AAB29BA19FA00705200 /* Double+Format.swift */,
				A1648AAD29BA1A2100705200 /* Int+Format.swift */,
				A1648AB129BA1F8600705200 /* String+Percentage.swift */,
				A1B8B9DA29BB5E0F00056960 /* StockCalculator+Status.swift */,
				A1B8B9DC29BB63DA00056960 /* UIApplication+TapGesture.swift */,
				A12C077E29BCCD9E00B4F0EE /* Collection+Subscript.swift */,
				A12C078029BCCDB500B4F0EE /* Double+Color.swift */,
				A1FCB43729C208CA00C46E0B /* NSTextField+FocusRingType.swift */,
				A1FCB43B29C209BC00C46E0B /* KeyboardType+UIKit.swift */,
			);
			path = Extensions;
			sourceTree = "<group>";
		};
		A1B8B9DE29BB661700056960 /* Config */ = {
			isa = PBXGroup;
			children = (
				A1B8B9DF29BB663600056960 /* NumberFormatter.swift */,
			);
			path = Config;
			sourceTree = "<group>";
		};
		A1EB2C0229B4AEC000EAF46B /* Frameworks */ = {
			isa = PBXGroup;
			children = (
			);
			name = Frameworks;
			sourceTree = "<group>";
		};
		A1EB2C0C29B4B56900EAF46B /* ViewModifiers */ = {
			isa = PBXGroup;
			children = (
				A1EB2C0D29B4B57F00EAF46B /* watermarked.swift */,
				A1EB2C1029B4C30500EAF46B /* modify.swift */,
				A173FD4129B99C5900F17675 /* card.swift */,
				A173FD4529B9A94000F17675 /* cornerRadius.swift */,
				A1648AB329BA20CC00705200 /* border.swift */,
			);
			path = ViewModifiers;
			sourceTree = "<group>";
		};
		A1EB2C0F29B4B67C00EAF46B /* Views */ = {
			isa = PBXGroup;
			children = (
				A17FEFCD29B5E625001B7502 /* NavView.swift */,
				A1EB2C0A29B4B35200EAF46B /* ScreenView.swift */,
				A1EB2C0729B4B0DC00EAF46B /* MenuRow.swift */,
				A17FEFCB29B5DA39001B7502 /* RadioSelect.swift */,
				A173FD4729B9A98F00F17675 /* InformationCard.swift */,
				A173FD4929B9A9A300F17675 /* CustomTextField.swift */,
				A173FD4B29B9A9DE00F17675 /* BrokerFeeInformation.swift */,
				A15B002E29BB29BA002A1F5E /* CustomButtonStyle.swift */,
				A12C077A29BCCD4300B4F0EE /* ActivityView.swift */,
				A12C077C29BCCD7000B4F0EE /* TableView.swift */,
				A161130629D8602500087F17 /* ResultCard.swift */,
				A106CF2F29D938D100DFB7A6 /* Separator.swift */,
			);
			path = Views;
			sourceTree = "<group>";
		};
		A1F9B0EE29B1E565004D2676 /* TradingReturnCalculator */ = {
			isa = PBXGroup;
			children = (
				A1F9B0F029B1E5B9004D2676 /* Reducers */,
				A1F9B0EF29B1E5B3004D2676 /* Views */,
			);
			path = TradingReturnCalculator;
			sourceTree = "<group>";
		};
		A1F9B0EF29B1E5B3004D2676 /* Views */ = {
			isa = PBXGroup;
			children = (
				A1F9B0F329B1E5D0004D2676 /* TradingReturnCalculatorView.swift */,
			);
			path = Views;
			sourceTree = "<group>";
		};
		A1F9B0F029B1E5B9004D2676 /* Reducers */ = {
			isa = PBXGroup;
			children = (
				A1F9B0F129B1E5C5004D2676 /* TradingReturnCalculator.swift */,
			);
			path = Reducers;
			sourceTree = "<group>";
		};
/* End PBXGroup section */

/* Begin PBXNativeTarget section */
		A10E691F29B1982D00DA5DCA /* KalkulatorSaham */ = {
			isa = PBXNativeTarget;
			buildConfigurationList = A10E692F29B1983000DA5DCA /* Build configuration list for PBXNativeTarget "KalkulatorSaham" */;
			buildPhases = (
				A10E691C29B1982D00DA5DCA /* Sources */,
				A10E691D29B1982D00DA5DCA /* Frameworks */,
				A10E691E29B1982D00DA5DCA /* Resources */,
			);
			buildRules = (
			);
			dependencies = (
			);
			name = KalkulatorSaham;
			packageProductDependencies = (
				A10E693329B1AADB00DA5DCA /* ComposableArchitecture */,
				A1F8ADD729C4D678006BA630 /* StockCalculator */,
			);
			productName = KalkulatorSaham;
			productReference = A10E692029B1982D00DA5DCA /* KalkulatorSaham.app */;
			productType = "com.apple.product-type.application";
		};
		A12E694529C2EE5B00F6A3F7 /* KalkulatorSahamTests */ = {
			isa = PBXNativeTarget;
			buildConfigurationList = A12E694C29C2EE5C00F6A3F7 /* Build configuration list for PBXNativeTarget "KalkulatorSahamTests" */;
			buildPhases = (
				A12E694229C2EE5B00F6A3F7 /* Sources */,
				A12E694329C2EE5B00F6A3F7 /* Frameworks */,
				A12E694429C2EE5B00F6A3F7 /* Resources */,
			);
			buildRules = (
			);
			dependencies = (
				A12E694B29C2EE5C00F6A3F7 /* PBXTargetDependency */,
			);
			name = KalkulatorSahamTests;
			productName = KalkulatorSahamTests;
			productReference = A12E694629C2EE5B00F6A3F7 /* KalkulatorSahamTests.xctest */;
			productType = "com.apple.product-type.bundle.unit-test";
		};
/* End PBXNativeTarget section */

/* Begin PBXProject section */
		A10E691829B1982D00DA5DCA /* Project object */ = {
			isa = PBXProject;
			attributes = {
				BuildIndependentTargetsInParallel = 1;
				LastSwiftUpdateCheck = 1420;
				LastUpgradeCheck = 1420;
				TargetAttributes = {
					A10E691F29B1982D00DA5DCA = {
						CreatedOnToolsVersion = 14.2;
					};
					A12E694529C2EE5B00F6A3F7 = {
						CreatedOnToolsVersion = 14.2;
						TestTargetID = A10E691F29B1982D00DA5DCA;
					};
				};
			};
			buildConfigurationList = A10E691B29B1982D00DA5DCA /* Build configuration list for PBXProject "KalkulatorSaham" */;
			compatibilityVersion = "Xcode 14.0";
			developmentRegion = en;
			hasScannedForEncodings = 0;
			knownRegions = (
				en,
				Base,
				id,
			);
			mainGroup = A10E691729B1982D00DA5DCA;
			packageReferences = (
				A10E693229B1AADB00DA5DCA /* XCRemoteSwiftPackageReference "swift-composable-architecture" */,
				A1F8ADD629C4D678006BA630 /* XCRemoteSwiftPackageReference "stock-calculator" */,
			);
			productRefGroup = A10E692129B1982D00DA5DCA /* Products */;
			projectDirPath = "";
			projectRoot = "";
			targets = (
				A10E691F29B1982D00DA5DCA /* KalkulatorSaham */,
				A12E694529C2EE5B00F6A3F7 /* KalkulatorSahamTests */,
			);
		};
/* End PBXProject section */

/* Begin PBXResourcesBuildPhase section */
		A10E691E29B1982D00DA5DCA /* Resources */ = {
			isa = PBXResourcesBuildPhase;
			buildActionMask = 2147483647;
			files = (
				A16112FE29D85BD000087F17 /* Launch Screen.storyboard in Resources */,
				A122534329B61D8600C87F8A /* Localizable.strings in Resources */,
				A10E692C29B1983000DA5DCA /* Preview Assets.xcassets in Resources */,
				A1EB2C0629B4AF7D00EAF46B /* Colors.xcassets in Resources */,
				A1F9B0ED29B1DEBC004D2676 /* Icons.xcassets in Resources */,
				A10E692829B1983000DA5DCA /* App.xcassets in Resources */,
			);
			runOnlyForDeploymentPostprocessing = 0;
		};
		A12E694429C2EE5B00F6A3F7 /* Resources */ = {
			isa = PBXResourcesBuildPhase;
			buildActionMask = 2147483647;
			files = (
			);
			runOnlyForDeploymentPostprocessing = 0;
		};
/* End PBXResourcesBuildPhase section */

/* Begin PBXSourcesBuildPhase section */
		A10E691C29B1982D00DA5DCA /* Sources */ = {
			isa = PBXSourcesBuildPhase;
			buildActionMask = 2147483647;
			files = (
				A15B002F29BB29BA002A1F5E /* CustomButtonStyle.swift in Sources */,
				A1648AAE29BA1A2100705200 /* Int+Format.swift in Sources */,
				A15B002829BB1588002A1F5E /* Storage.swift in Sources */,
				A173FD4A29B9A9A300F17675 /* CustomTextField.swift in Sources */,
				A1B8B9E029BB663600056960 /* NumberFormatter.swift in Sources */,
				A17FEFCE29B5E625001B7502 /* NavView.swift in Sources */,
				A106CF4029D93D1000DFB7A6 /* RequiredRule.swift in Sources */,
				A10E693829B1B3D500DA5DCA /* Menu.swift in Sources */,
				A1B8B9DD29BB63DA00056960 /* UIApplication+TapGesture.swift in Sources */,
				A161130529D85E2200087F17 /* RiskRewardRatioCalculatorView.swift in Sources */,
				A1F9B0EB29B1D152004D2676 /* Main.swift in Sources */,
				A161132629D8732F00087F17 /* TransactionCard.swift in Sources */,
				A122534D29B623B700C87F8A /* Theme.swift in Sources */,
				A106CF4229D9408800DFB7A6 /* ValidatorDependency.swift in Sources */,
				A1EB2C1529B4C6B400EAF46B /* HomeView.swift in Sources */,
				A1648AAA29BA163000705200 /* ComingSoonView.swift in Sources */,
				A122533F29B6188900C87F8A /* UserDefaultsKey.swift in Sources */,
				A1FCB43C29C209BC00C46E0B /* KeyboardType+UIKit.swift in Sources */,
				A1EB2C0829B4B0DC00EAF46B /* MenuRow.swift in Sources */,
				A19D668629B4554100445B63 /* Color+Custom.swift in Sources */,
				A1EB2C0B29B4B35200EAF46B /* ScreenView.swift in Sources */,
				A161131C29D868F800087F17 /* StockSplitCalculatorView.swift in Sources */,
				A161130E29D8668900087F17 /* PriceBookValueCalculatorView.swift in Sources */,
				A1B8B9D929BB592B00056960 /* StockCalculator.swift in Sources */,
				A1FCB43A29C209A800C46E0B /* KeyboardType.swift in Sources */,
				A161132329D871AE00087F17 /* AveragePriceCalculatorView.swift in Sources */,
				A106CF3029D938D100DFB7A6 /* Separator.swift in Sources */,
				A12C077F29BCCD9E00B4F0EE /* Collection+Subscript.swift in Sources */,
				A1F9B0F229B1E5C5004D2676 /* TradingReturnCalculator.swift in Sources */,
				A15B002D29BB2115002A1F5E /* UserDefaults.swift in Sources */,
				A173FD4629B9A94000F17675 /* cornerRadius.swift in Sources */,
				A161130329D85D1B00087F17 /* RiskRewardRatioCalculator.swift in Sources */,
				A1648AAC29BA19FA00705200 /* Double+Format.swift in Sources */,
				A173FD4C29B9A9DE00F17675 /* BrokerFeeInformation.swift in Sources */,
				A17FEFC429B5C9C8001B7502 /* SettingsView.swift in Sources */,
				A1648AB729BA210B00705200 /* AutoRejectCard.swift in Sources */,
				A1B8B9DB29BB5E0F00056960 /* StockCalculator+Status.swift in Sources */,
				A1EB2C0E29B4B57F00EAF46B /* watermarked.swift in Sources */,
				A17FEFCA29B5CDED001B7502 /* ThemeView.swift in Sources */,
				A1648ABD29BA226B00705200 /* ProfitPerTickCalculator.swift in Sources */,
				A161132D29D87F7700087F17 /* RightIssueCalculatorView.swift in Sources */,
				A1648AB429BA20CC00705200 /* border.swift in Sources */,
				A1648AA429BA146E00705200 /* AraArbCalculator.swift in Sources */,
				A1648AA629BA14DA00705200 /* AraArbCalculatorView.swift in Sources */,
				A12C077D29BCCD7000B4F0EE /* TableView.swift in Sources */,
				A122534829B6221B00C87F8A /* String+Localization.swift in Sources */,
				A17FEFC629B5C9F9001B7502 /* Settings.swift in Sources */,
				A161131529D8678500087F17 /* DividenYieldCalculatorView.swift in Sources */,
				A161131A29D8686300087F17 /* StockSplitCalculator.swift in Sources */,
				A15B002A29BB1DA7002A1F5E /* ThemeManager.swift in Sources */,
				A161130A29D8661400087F17 /* PriceBookValueCalculator.swift in Sources */,
				A173FD4229B99C5900F17675 /* card.swift in Sources */,
				A1EB2C1129B4C30500EAF46B /* modify.swift in Sources */,
				A1F9B0F429B1E5D0004D2676 /* TradingReturnCalculatorView.swift in Sources */,
				A106CF3A29D93D1000DFB7A6 /* Validator.swift in Sources */,
				A15B002529BB1154002A1F5E /* UserDefaultsStorage.swift in Sources */,
				A17FEFC829B5CCF2001B7502 /* LanguageView.swift in Sources */,
				A1FCB43829C208CA00C46E0B /* NSTextField+FocusRingType.swift in Sources */,
				A10E693E29B1B49E00DA5DCA /* MainView.swift in Sources */,
				A10E692629B1982E00DA5DCA /* ContentView.swift in Sources */,
				A12C077B29BCCD4300B4F0EE /* ActivityView.swift in Sources */,
				A10E692429B1982E00DA5DCA /* KalkulatorSahamApp.swift in Sources */,
				A161130729D8602500087F17 /* ResultCard.swift in Sources */,
				A1648AB229BA1F8600705200 /* String+Percentage.swift in Sources */,
				A173FD4829B9A98F00F17675 /* InformationCard.swift in Sources */,
				A106CF3F29D93D1000DFB7A6 /* CustomRule.swift in Sources */,
				A1648ABF29BA22AA00705200 /* ProfitPerTickCalculatorView.swift in Sources */,
				A173FD4429B9A91900F17675 /* Array+Chunk.swift in Sources */,
				A12C078129BCCDB500B4F0EE /* Double+Color.swift in Sources */,
				A15B002329BB1148002A1F5E /* StorageProtocol.swift in Sources */,
				A161131229D8675300087F17 /* DividenYieldCalculator.swift in Sources */,
				A1648AC129BA240900705200 /* BrokerFeeView.swift in Sources */,
				A1648AB029BA1A5C00705200 /* NumberFormatType.swift in Sources */,
				A17FEFCC29B5DA39001B7502 /* RadioSelect.swift in Sources */,
				A122534B29B6239D00C87F8A /* Language.swift in Sources */,
				A161132129D86F5500087F17 /* AveragePriceCalculator.swift in Sources */,
				A161132B29D87EB100087F17 /* RightIssueCalculator.swift in Sources */,
			);
			runOnlyForDeploymentPostprocessing = 0;
		};
		A12E694229C2EE5B00F6A3F7 /* Sources */ = {
			isa = PBXSourcesBuildPhase;
			buildActionMask = 2147483647;
			files = (
				A12E695029C2F3BE00F6A3F7 /* MainTests.swift in Sources */,
				A12E694929C2EE5C00F6A3F7 /* SettingsTests.swift in Sources */,
			);
			runOnlyForDeploymentPostprocessing = 0;
		};
/* End PBXSourcesBuildPhase section */

/* Begin PBXTargetDependency section */
		A12E694B29C2EE5C00F6A3F7 /* PBXTargetDependency */ = {
			isa = PBXTargetDependency;
			target = A10E691F29B1982D00DA5DCA /* KalkulatorSaham */;
			targetProxy = A12E694A29C2EE5C00F6A3F7 /* PBXContainerItemProxy */;
		};
/* End PBXTargetDependency section */

/* Begin PBXVariantGroup section */
		A122534529B61D8600C87F8A /* Localizable.strings */ = {
			isa = PBXVariantGroup;
			children = (
				A122534429B61D8600C87F8A /* en */,
				A122534629B61D8F00C87F8A /* id */,
			);
			name = Localizable.strings;
			sourceTree = "<group>";
		};
/* End PBXVariantGroup section */

/* Begin XCBuildConfiguration section */
		A10E692D29B1983000DA5DCA /* Debug */ = {
			isa = XCBuildConfiguration;
			buildSettings = {
				ALWAYS_SEARCH_USER_PATHS = NO;
				CLANG_ANALYZER_NONNULL = YES;
				CLANG_ANALYZER_NUMBER_OBJECT_CONVERSION = YES_AGGRESSIVE;
				CLANG_CXX_LANGUAGE_STANDARD = "gnu++20";
				CLANG_ENABLE_MODULES = YES;
				CLANG_ENABLE_OBJC_ARC = YES;
				CLANG_ENABLE_OBJC_WEAK = YES;
				CLANG_WARN_BLOCK_CAPTURE_AUTORELEASING = YES;
				CLANG_WARN_BOOL_CONVERSION = YES;
				CLANG_WARN_COMMA = YES;
				CLANG_WARN_CONSTANT_CONVERSION = YES;
				CLANG_WARN_DEPRECATED_OBJC_IMPLEMENTATIONS = YES;
				CLANG_WARN_DIRECT_OBJC_ISA_USAGE = YES_ERROR;
				CLANG_WARN_DOCUMENTATION_COMMENTS = YES;
				CLANG_WARN_EMPTY_BODY = YES;
				CLANG_WARN_ENUM_CONVERSION = YES;
				CLANG_WARN_INFINITE_RECURSION = YES;
				CLANG_WARN_INT_CONVERSION = YES;
				CLANG_WARN_NON_LITERAL_NULL_CONVERSION = YES;
				CLANG_WARN_OBJC_IMPLICIT_RETAIN_SELF = YES;
				CLANG_WARN_OBJC_LITERAL_CONVERSION = YES;
				CLANG_WARN_OBJC_ROOT_CLASS = YES_ERROR;
				CLANG_WARN_QUOTED_INCLUDE_IN_FRAMEWORK_HEADER = YES;
				CLANG_WARN_RANGE_LOOP_ANALYSIS = YES;
				CLANG_WARN_STRICT_PROTOTYPES = YES;
				CLANG_WARN_SUSPICIOUS_MOVE = YES;
				CLANG_WARN_UNGUARDED_AVAILABILITY = YES_AGGRESSIVE;
				CLANG_WARN_UNREACHABLE_CODE = YES;
				CLANG_WARN__DUPLICATE_METHOD_MATCH = YES;
				COPY_PHASE_STRIP = NO;
				DEBUG_INFORMATION_FORMAT = dwarf;
				ENABLE_STRICT_OBJC_MSGSEND = YES;
				ENABLE_TESTABILITY = YES;
				GCC_C_LANGUAGE_STANDARD = gnu11;
				GCC_DYNAMIC_NO_PIC = NO;
				GCC_NO_COMMON_BLOCKS = YES;
				GCC_OPTIMIZATION_LEVEL = 0;
				GCC_PREPROCESSOR_DEFINITIONS = (
					"DEBUG=1",
					"$(inherited)",
				);
				GCC_WARN_64_TO_32_BIT_CONVERSION = YES;
				GCC_WARN_ABOUT_RETURN_TYPE = YES_ERROR;
				GCC_WARN_UNDECLARED_SELECTOR = YES;
				GCC_WARN_UNINITIALIZED_AUTOS = YES_AGGRESSIVE;
				GCC_WARN_UNUSED_FUNCTION = YES;
				GCC_WARN_UNUSED_VARIABLE = YES;
				MTL_ENABLE_DEBUG_INFO = INCLUDE_SOURCE;
				MTL_FAST_MATH = YES;
				ONLY_ACTIVE_ARCH = YES;
				SWIFT_ACTIVE_COMPILATION_CONDITIONS = DEBUG;
				SWIFT_OPTIMIZATION_LEVEL = "-Onone";
			};
			name = Debug;
		};
		A10E692E29B1983000DA5DCA /* Release */ = {
			isa = XCBuildConfiguration;
			buildSettings = {
				ALWAYS_SEARCH_USER_PATHS = NO;
				CLANG_ANALYZER_NONNULL = YES;
				CLANG_ANALYZER_NUMBER_OBJECT_CONVERSION = YES_AGGRESSIVE;
				CLANG_CXX_LANGUAGE_STANDARD = "gnu++20";
				CLANG_ENABLE_MODULES = YES;
				CLANG_ENABLE_OBJC_ARC = YES;
				CLANG_ENABLE_OBJC_WEAK = YES;
				CLANG_WARN_BLOCK_CAPTURE_AUTORELEASING = YES;
				CLANG_WARN_BOOL_CONVERSION = YES;
				CLANG_WARN_COMMA = YES;
				CLANG_WARN_CONSTANT_CONVERSION = YES;
				CLANG_WARN_DEPRECATED_OBJC_IMPLEMENTATIONS = YES;
				CLANG_WARN_DIRECT_OBJC_ISA_USAGE = YES_ERROR;
				CLANG_WARN_DOCUMENTATION_COMMENTS = YES;
				CLANG_WARN_EMPTY_BODY = YES;
				CLANG_WARN_ENUM_CONVERSION = YES;
				CLANG_WARN_INFINITE_RECURSION = YES;
				CLANG_WARN_INT_CONVERSION = YES;
				CLANG_WARN_NON_LITERAL_NULL_CONVERSION = YES;
				CLANG_WARN_OBJC_IMPLICIT_RETAIN_SELF = YES;
				CLANG_WARN_OBJC_LITERAL_CONVERSION = YES;
				CLANG_WARN_OBJC_ROOT_CLASS = YES_ERROR;
				CLANG_WARN_QUOTED_INCLUDE_IN_FRAMEWORK_HEADER = YES;
				CLANG_WARN_RANGE_LOOP_ANALYSIS = YES;
				CLANG_WARN_STRICT_PROTOTYPES = YES;
				CLANG_WARN_SUSPICIOUS_MOVE = YES;
				CLANG_WARN_UNGUARDED_AVAILABILITY = YES_AGGRESSIVE;
				CLANG_WARN_UNREACHABLE_CODE = YES;
				CLANG_WARN__DUPLICATE_METHOD_MATCH = YES;
				COPY_PHASE_STRIP = NO;
				DEBUG_INFORMATION_FORMAT = "dwarf-with-dsym";
				ENABLE_NS_ASSERTIONS = NO;
				ENABLE_STRICT_OBJC_MSGSEND = YES;
				GCC_C_LANGUAGE_STANDARD = gnu11;
				GCC_NO_COMMON_BLOCKS = YES;
				GCC_WARN_64_TO_32_BIT_CONVERSION = YES;
				GCC_WARN_ABOUT_RETURN_TYPE = YES_ERROR;
				GCC_WARN_UNDECLARED_SELECTOR = YES;
				GCC_WARN_UNINITIALIZED_AUTOS = YES_AGGRESSIVE;
				GCC_WARN_UNUSED_FUNCTION = YES;
				GCC_WARN_UNUSED_VARIABLE = YES;
				MTL_ENABLE_DEBUG_INFO = NO;
				MTL_FAST_MATH = YES;
				SWIFT_COMPILATION_MODE = wholemodule;
				SWIFT_OPTIMIZATION_LEVEL = "-O";
			};
			name = Release;
		};
		A10E693029B1983000DA5DCA /* Debug */ = {
			isa = XCBuildConfiguration;
			buildSettings = {
				ASSETCATALOG_COMPILER_APPICON_NAME = AppIcon;
				ASSETCATALOG_COMPILER_GLOBAL_ACCENT_COLOR_NAME = AccentColor;
				CODE_SIGN_ENTITLEMENTS = KalkulatorSaham/KalkulatorSaham.entitlements;
				CODE_SIGN_STYLE = Automatic;
				CURRENT_PROJECT_VERSION = 5;
				DEVELOPMENT_ASSET_PATHS = "\"KalkulatorSaham/Preview Content\"";
				DEVELOPMENT_TEAM = 289XASJHAK;
				ENABLE_HARDENED_RUNTIME = YES;
				ENABLE_PREVIEWS = YES;
				GENERATE_INFOPLIST_FILE = YES;
				INFOPLIST_FILE = KalkulatorSaham/Info.plist;
				INFOPLIST_KEY_CFBundleDisplayName = "Kalkulator Saham";
				INFOPLIST_KEY_LSApplicationCategoryType = "public.app-category.finance";
				"INFOPLIST_KEY_UIApplicationSceneManifest_Generation[sdk=iphoneos*]" = YES;
				"INFOPLIST_KEY_UIApplicationSceneManifest_Generation[sdk=iphonesimulator*]" = YES;
				"INFOPLIST_KEY_UIApplicationSupportsIndirectInputEvents[sdk=iphoneos*]" = YES;
				"INFOPLIST_KEY_UIApplicationSupportsIndirectInputEvents[sdk=iphonesimulator*]" = YES;
				"INFOPLIST_KEY_UILaunchScreen_Generation[sdk=iphoneos*]" = YES;
				"INFOPLIST_KEY_UILaunchScreen_Generation[sdk=iphonesimulator*]" = YES;
				INFOPLIST_KEY_UILaunchStoryboardName = "Launch Screen.storyboard";
				"INFOPLIST_KEY_UIStatusBarStyle[sdk=iphoneos*]" = UIStatusBarStyleDefault;
				"INFOPLIST_KEY_UIStatusBarStyle[sdk=iphonesimulator*]" = UIStatusBarStyleDefault;
				INFOPLIST_KEY_UISupportedInterfaceOrientations_iPad = "UIInterfaceOrientationPortrait UIInterfaceOrientationPortraitUpsideDown UIInterfaceOrientationLandscapeLeft UIInterfaceOrientationLandscapeRight";
				INFOPLIST_KEY_UISupportedInterfaceOrientations_iPhone = "UIInterfaceOrientationPortrait UIInterfaceOrientationLandscapeLeft UIInterfaceOrientationLandscapeRight";
				IPHONEOS_DEPLOYMENT_TARGET = 14.0;
				LD_RUNPATH_SEARCH_PATHS = "@executable_path/Frameworks";
				"LD_RUNPATH_SEARCH_PATHS[sdk=macosx*]" = "@executable_path/../Frameworks";
				MACOSX_DEPLOYMENT_TARGET = 13.0;
				MARKETING_VERSION = 1.0.4;
				PRODUCT_BUNDLE_IDENTIFIER = dev.alfin.KalkulatorSaham;
				PRODUCT_NAME = KalkulatorSaham;
				SDKROOT = auto;
				SUPPORTED_PLATFORMS = "iphoneos iphonesimulator macosx";
				SWIFT_EMIT_LOC_STRINGS = YES;
				SWIFT_VERSION = 5.0;
				TARGETED_DEVICE_FAMILY = "1,2";
			};
			name = Debug;
		};
		A10E693129B1983000DA5DCA /* Release */ = {
			isa = XCBuildConfiguration;
			buildSettings = {
				ASSETCATALOG_COMPILER_APPICON_NAME = AppIcon;
				ASSETCATALOG_COMPILER_GLOBAL_ACCENT_COLOR_NAME = AccentColor;
				CODE_SIGN_ENTITLEMENTS = KalkulatorSaham/KalkulatorSaham.entitlements;
				CODE_SIGN_STYLE = Automatic;
				CURRENT_PROJECT_VERSION = 5;
				DEVELOPMENT_ASSET_PATHS = "\"KalkulatorSaham/Preview Content\"";
				DEVELOPMENT_TEAM = 289XASJHAK;
				ENABLE_HARDENED_RUNTIME = YES;
				ENABLE_PREVIEWS = YES;
				GENERATE_INFOPLIST_FILE = YES;
				INFOPLIST_FILE = KalkulatorSaham/Info.plist;
				INFOPLIST_KEY_CFBundleDisplayName = "Kalkulator Saham";
				INFOPLIST_KEY_LSApplicationCategoryType = "public.app-category.finance";
				"INFOPLIST_KEY_UIApplicationSceneManifest_Generation[sdk=iphoneos*]" = YES;
				"INFOPLIST_KEY_UIApplicationSceneManifest_Generation[sdk=iphonesimulator*]" = YES;
				"INFOPLIST_KEY_UIApplicationSupportsIndirectInputEvents[sdk=iphoneos*]" = YES;
				"INFOPLIST_KEY_UIApplicationSupportsIndirectInputEvents[sdk=iphonesimulator*]" = YES;
				"INFOPLIST_KEY_UILaunchScreen_Generation[sdk=iphoneos*]" = YES;
				"INFOPLIST_KEY_UILaunchScreen_Generation[sdk=iphonesimulator*]" = YES;
				INFOPLIST_KEY_UILaunchStoryboardName = "Launch Screen.storyboard";
				"INFOPLIST_KEY_UIStatusBarStyle[sdk=iphoneos*]" = UIStatusBarStyleDefault;
				"INFOPLIST_KEY_UIStatusBarStyle[sdk=iphonesimulator*]" = UIStatusBarStyleDefault;
				INFOPLIST_KEY_UISupportedInterfaceOrientations_iPad = "UIInterfaceOrientationPortrait UIInterfaceOrientationPortraitUpsideDown UIInterfaceOrientationLandscapeLeft UIInterfaceOrientationLandscapeRight";
				INFOPLIST_KEY_UISupportedInterfaceOrientations_iPhone = "UIInterfaceOrientationPortrait UIInterfaceOrientationLandscapeLeft UIInterfaceOrientationLandscapeRight";
				IPHONEOS_DEPLOYMENT_TARGET = 14.0;
				LD_RUNPATH_SEARCH_PATHS = "@executable_path/Frameworks";
				"LD_RUNPATH_SEARCH_PATHS[sdk=macosx*]" = "@executable_path/../Frameworks";
				MACOSX_DEPLOYMENT_TARGET = 13.0;
				MARKETING_VERSION = 1.0.4;
				PRODUCT_BUNDLE_IDENTIFIER = dev.alfin.KalkulatorSaham;
				PRODUCT_NAME = KalkulatorSaham;
				SDKROOT = auto;
				SUPPORTED_PLATFORMS = "iphoneos iphonesimulator macosx";
				SWIFT_EMIT_LOC_STRINGS = YES;
				SWIFT_VERSION = 5.0;
				TARGETED_DEVICE_FAMILY = "1,2";
			};
			name = Release;
		};
		A12E694D29C2EE5C00F6A3F7 /* Debug */ = {
			isa = XCBuildConfiguration;
			buildSettings = {
				BUNDLE_LOADER = "$(TEST_HOST)";
				CODE_SIGN_STYLE = Automatic;
				CURRENT_PROJECT_VERSION = 1;
				DEVELOPMENT_TEAM = 289XASJHAK;
				GENERATE_INFOPLIST_FILE = YES;
				IPHONEOS_DEPLOYMENT_TARGET = 16.2;
				MARKETING_VERSION = 1.0;
				PRODUCT_BUNDLE_IDENTIFIER = dev.alfin.KalkulatorSahamTests;
				PRODUCT_NAME = "$(TARGET_NAME)";
				SDKROOT = iphoneos;
				SWIFT_EMIT_LOC_STRINGS = NO;
				SWIFT_VERSION = 5.0;
				TARGETED_DEVICE_FAMILY = "1,2";
				TEST_HOST = "$(BUILT_PRODUCTS_DIR)/KalkulatorSaham.app/$(BUNDLE_EXECUTABLE_FOLDER_PATH)/KalkulatorSaham";
			};
			name = Debug;
		};
		A12E694E29C2EE5C00F6A3F7 /* Release */ = {
			isa = XCBuildConfiguration;
			buildSettings = {
				BUNDLE_LOADER = "$(TEST_HOST)";
				CODE_SIGN_STYLE = Automatic;
				CURRENT_PROJECT_VERSION = 1;
				DEVELOPMENT_TEAM = 289XASJHAK;
				GENERATE_INFOPLIST_FILE = YES;
				IPHONEOS_DEPLOYMENT_TARGET = 16.2;
				MARKETING_VERSION = 1.0;
				PRODUCT_BUNDLE_IDENTIFIER = dev.alfin.KalkulatorSahamTests;
				PRODUCT_NAME = "$(TARGET_NAME)";
				SDKROOT = iphoneos;
				SWIFT_EMIT_LOC_STRINGS = NO;
				SWIFT_VERSION = 5.0;
				TARGETED_DEVICE_FAMILY = "1,2";
				TEST_HOST = "$(BUILT_PRODUCTS_DIR)/KalkulatorSaham.app/$(BUNDLE_EXECUTABLE_FOLDER_PATH)/KalkulatorSaham";
				VALIDATE_PRODUCT = YES;
			};
			name = Release;
		};
/* End XCBuildConfiguration section */

/* Begin XCConfigurationList section */
		A10E691B29B1982D00DA5DCA /* Build configuration list for PBXProject "KalkulatorSaham" */ = {
			isa = XCConfigurationList;
			buildConfigurations = (
				A10E692D29B1983000DA5DCA /* Debug */,
				A10E692E29B1983000DA5DCA /* Release */,
			);
			defaultConfigurationIsVisible = 0;
			defaultConfigurationName = Release;
		};
		A10E692F29B1983000DA5DCA /* Build configuration list for PBXNativeTarget "KalkulatorSaham" */ = {
			isa = XCConfigurationList;
			buildConfigurations = (
				A10E693029B1983000DA5DCA /* Debug */,
				A10E693129B1983000DA5DCA /* Release */,
			);
			defaultConfigurationIsVisible = 0;
			defaultConfigurationName = Release;
		};
		A12E694C29C2EE5C00F6A3F7 /* Build configuration list for PBXNativeTarget "KalkulatorSahamTests" */ = {
			isa = XCConfigurationList;
			buildConfigurations = (
				A12E694D29C2EE5C00F6A3F7 /* Debug */,
				A12E694E29C2EE5C00F6A3F7 /* Release */,
			);
			defaultConfigurationIsVisible = 0;
			defaultConfigurationName = Release;
		};
/* End XCConfigurationList section */

/* Begin XCRemoteSwiftPackageReference section */
		A10E693229B1AADB00DA5DCA /* XCRemoteSwiftPackageReference "swift-composable-architecture" */ = {
			isa = XCRemoteSwiftPackageReference;
			repositoryURL = "https://github.com/pointfreeco/swift-composable-architecture";
			requirement = {
				kind = exactVersion;
				version = 0.50.2;
			};
		};
		A1F8ADD629C4D678006BA630 /* XCRemoteSwiftPackageReference "stock-calculator" */ = {
			isa = XCRemoteSwiftPackageReference;
			repositoryURL = "https://github.com/alfinsyahruddin/stock-calculator/";
			requirement = {
				kind = exactVersion;
				version = 0.1.4;
			};
		};
/* End XCRemoteSwiftPackageReference section */

/* Begin XCSwiftPackageProductDependency section */
		A10E693329B1AADB00DA5DCA /* ComposableArchitecture */ = {
			isa = XCSwiftPackageProductDependency;
			package = A10E693229B1AADB00DA5DCA /* XCRemoteSwiftPackageReference "swift-composable-architecture" */;
			productName = ComposableArchitecture;
		};
		A1F8ADD729C4D678006BA630 /* StockCalculator */ = {
			isa = XCSwiftPackageProductDependency;
			package = A1F8ADD629C4D678006BA630 /* XCRemoteSwiftPackageReference "stock-calculator" */;
			productName = StockCalculator;
		};
/* End XCSwiftPackageProductDependency section */
	};
	rootObject = A10E691829B1982D00DA5DCA /* Project object */;
}
